
Microsoft Visual Studio Solution File, Format Version 12.00
# Visual Studio Version 17
VisualStudioVersion = 17.9.34622.214
MinimumVisualStudioVersion = 10.0.40219.1
Project("{9A19103F-16F7-4668-BE54-9A1E7A4F7556}") = "PogodaAPI", "ConsoleApp1\PogodaAPI.csproj", "{451FE527-19E3-492A-9891-298600B63B84}"
EndProject
Project("{FAE04EC0-301F-11D3-BF4B-00C04F79EFBC}") = "PrognozaPogodyGUI", "PrognozaPogodyGUI\PrognozaPogodyGUI.csproj", "{92FD0878-991A-43E9-8B14-7131B57618E9}"
EndProject
Global
	GlobalSection(SolutionConfigurationPlatforms) = preSolution
		Debug|Any CPU = Debug|Any CPU
		Release|Any CPU = Release|Any CPU
	EndGlobalSection
	GlobalSection(ProjectConfigurationPlatforms) = postSolution
		{451FE527-19E3-492A-9891-298600B63B84}.Debug|Any CPU.ActiveCfg = Debug|Any CPU
		{451FE527-19E3-492A-9891-298600B63B84}.Debug|Any CPU.Build.0 = Debug|Any CPU
		{451FE527-19E3-492A-9891-298600B63B84}.Release|Any CPU.ActiveCfg = Release|Any CPU
		{451FE527-19E3-492A-9891-298600B63B84}.Release|Any CPU.Build.0 = Release|Any CPU
		{92FD0878-991A-43E9-8B14-7131B57618E9}.Debug|Any CPU.ActiveCfg = Debug|Any CPU
		{92FD0878-991A-43E9-8B14-7131B57618E9}.Debug|Any CPU.Build.0 = Debug|Any CPU
		{92FD0878-991A-43E9-8B14-7131B57618E9}.Release|Any CPU.ActiveCfg = Release|Any CPU
		{92FD0878-991A-43E9-8B14-7131B57618E9}.Release|Any CPU.Build.0 = Release|Any CPU
	EndGlobalSection
	GlobalSection(SolutionProperties) = preSolution
		HideSolutionNode = FALSE
	EndGlobalSection
	GlobalSection(ExtensibilityGlobals) = postSolution
		SolutionGuid = {967E0442-6794-425F-A895-AB10AD0A0039}
	EndGlobalSection
EndGlobal
