
Microsoft Visual Studio Solution File, Format Version 12.00
# Visual Studio Version 17
VisualStudioVersion = 17.9.34616.47
MinimumVisualStudioVersion = 10.0.40219.1
Project("{FAE04EC0-301F-11D3-BF4B-00C04F79EFBC}") = "lab0_Czekaj_sr19", "lab0_Czekaj_sr19\lab0_Czekaj_sr19.csproj", "{00F2D740-7B68-4CAF-B6ED-5F5D4F1FBC66}"
EndProject
Global
	GlobalSection(SolutionConfigurationPlatforms) = preSolution
		Debug|Any CPU = Debug|Any CPU
		Release|Any CPU = Release|Any CPU
	EndGlobalSection
	GlobalSection(ProjectConfigurationPlatforms) = postSolution
		{00F2D740-7B68-4CAF-B6ED-5F5D4F1FBC66}.Debug|Any CPU.ActiveCfg = Debug|Any CPU
		{00F2D740-7B68-4CAF-B6ED-5F5D4F1FBC66}.Debug|Any CPU.Build.0 = Debug|Any CPU
		{00F2D740-7B68-4CAF-B6ED-5F5D4F1FBC66}.Release|Any CPU.ActiveCfg = Release|Any CPU
		{00F2D740-7B68-4CAF-B6ED-5F5D4F1FBC66}.Release|Any CPU.Build.0 = Release|Any CPU
	EndGlobalSection
	GlobalSection(SolutionProperties) = preSolution
		HideSolutionNode = FALSE
	EndGlobalSection
	GlobalSection(ExtensibilityGlobals) = postSolution
		SolutionGuid = {E7BE4B99-2FFD-4F0A-9426-C857ED4D0B40}
	EndGlobalSection
EndGlobal
